
Microsoft Visual Studio Solution File, Format Version 12.00
# Visual Studio Version 17
VisualStudioVersion = 17.7.33808.371
MinimumVisualStudioVersion = 10.0.40219.1
Project("{9A19103F-16F7-4668-BE54-9A1E7A4F7556}") = "Explosy.ArkhamHorror3rd.FrontEnd", "Explosy.ArkhamHorror3rd.FrontEnd\Explosy.ArkhamHorror3rd.FrontEnd.csproj", "{44CDC7F0-C88E-4A08-995F-CDB62E12CE1F}"
EndProject
Project("{9A19103F-16F7-4668-BE54-9A1E7A4F7556}") = "Explosy.ArkhamHorror3rd.Core", "Explosy.ArkhamHorror3rd.Core\Explosy.ArkhamHorror3rd.Core.csproj", "{22BC8754-F254-45AF-BA50-BF26FC76BA8F}"
EndProject
Project("{9A19103F-16F7-4668-BE54-9A1E7A4F7556}") = "Explosy.ArkhamHorror3rd.Core.Tests.Unit", "Explosy.ArkhamHorror3rd.Core.Tests.Unit\Explosy.ArkhamHorror3rd.Core.Tests.Unit.csproj", "{120F0C18-5B7A-435A-9251-CBBA5D30D4C5}"
EndProject
Project("{FAE04EC0-301F-11D3-BF4B-00C04F79EFBC}") = "Explosy.ArkhamHorror3rd.WebAPI", "Explosy.ArkhamHorror3rd.WebAPI\Explosy.ArkhamHorror3rd.WebAPI.csproj", "{8EE4F3A4-3ABF-429F-8B99-4EE2D50E2EA5}"
EndProject
Project("{FAE04EC0-301F-11D3-BF4B-00C04F79EFBC}") = "Explosy.ArkhamHorror3rd.Infrastructure", "Explosy.ArkhamHorror3rd.Infrastructure\Explosy.ArkhamHorror3rd.Infrastructure.csproj", "{E4AE202C-18A5-48B5-8264-9A93CADA6FC4}"
EndProject
Project("{FAE04EC0-301F-11D3-BF4B-00C04F79EFBC}") = "Explosy.ArkhamHorror3rd.Identity", "Explosy.ArkhamHorror3rd.Identity\Explosy.ArkhamHorror3rd.Identity.csproj", "{831EC9C7-8987-47E5-93AB-27E6C4A6AE3A}"
EndProject
Project("{FAE04EC0-301F-11D3-BF4B-00C04F79EFBC}") = "Explosy.ArkhamHorror3rd.Infrastructure.Identity", "Explosy.ArkhamHorror3rd.Infrastructure.Identity\Explosy.ArkhamHorror3rd.Infrastructure.Identity.csproj", "{BF5A7B87-2C18-404D-96BA-749D09985938}"
EndProject
Global
	GlobalSection(SolutionConfigurationPlatforms) = preSolution
		Debug|Any CPU = Debug|Any CPU
		Release|Any CPU = Release|Any CPU
	EndGlobalSection
	GlobalSection(ProjectConfigurationPlatforms) = postSolution
		{44CDC7F0-C88E-4A08-995F-CDB62E12CE1F}.Debug|Any CPU.ActiveCfg = Debug|Any CPU
		{44CDC7F0-C88E-4A08-995F-CDB62E12CE1F}.Debug|Any CPU.Build.0 = Debug|Any CPU
		{44CDC7F0-C88E-4A08-995F-CDB62E12CE1F}.Release|Any CPU.ActiveCfg = Release|Any CPU
		{44CDC7F0-C88E-4A08-995F-CDB62E12CE1F}.Release|Any CPU.Build.0 = Release|Any CPU
		{22BC8754-F254-45AF-BA50-BF26FC76BA8F}.Debug|Any CPU.ActiveCfg = Debug|Any CPU
		{22BC8754-F254-45AF-BA50-BF26FC76BA8F}.Debug|Any CPU.Build.0 = Debug|Any CPU
		{22BC8754-F254-45AF-BA50-BF26FC76BA8F}.Release|Any CPU.ActiveCfg = Release|Any CPU
		{22BC8754-F254-45AF-BA50-BF26FC76BA8F}.Release|Any CPU.Build.0 = Release|Any CPU
		{120F0C18-5B7A-435A-9251-CBBA5D30D4C5}.Debug|Any CPU.ActiveCfg = Debug|Any CPU
		{120F0C18-5B7A-435A-9251-CBBA5D30D4C5}.Debug|Any CPU.Build.0 = Debug|Any CPU
		{120F0C18-5B7A-435A-9251-CBBA5D30D4C5}.Release|Any CPU.ActiveCfg = Release|Any CPU
		{120F0C18-5B7A-435A-9251-CBBA5D30D4C5}.Release|Any CPU.Build.0 = Release|Any CPU
		{8EE4F3A4-3ABF-429F-8B99-4EE2D50E2EA5}.Debug|Any CPU.ActiveCfg = Debug|Any CPU
		{8EE4F3A4-3ABF-429F-8B99-4EE2D50E2EA5}.Debug|Any CPU.Build.0 = Debug|Any CPU
		{8EE4F3A4-3ABF-429F-8B99-4EE2D50E2EA5}.Release|Any CPU.ActiveCfg = Release|Any CPU
		{8EE4F3A4-3ABF-429F-8B99-4EE2D50E2EA5}.Release|Any CPU.Build.0 = Release|Any CPU
		{E4AE202C-18A5-48B5-8264-9A93CADA6FC4}.Debug|Any CPU.ActiveCfg = Debug|Any CPU
		{E4AE202C-18A5-48B5-8264-9A93CADA6FC4}.Debug|Any CPU.Build.0 = Debug|Any CPU
		{E4AE202C-18A5-48B5-8264-9A93CADA6FC4}.Release|Any CPU.ActiveCfg = Release|Any CPU
		{E4AE202C-18A5-48B5-8264-9A93CADA6FC4}.Release|Any CPU.Build.0 = Release|Any CPU
		{831EC9C7-8987-47E5-93AB-27E6C4A6AE3A}.Debug|Any CPU.ActiveCfg = Debug|Any CPU
		{831EC9C7-8987-47E5-93AB-27E6C4A6AE3A}.Debug|Any CPU.Build.0 = Debug|Any CPU
		{831EC9C7-8987-47E5-93AB-27E6C4A6AE3A}.Release|Any CPU.ActiveCfg = Release|Any CPU
		{831EC9C7-8987-47E5-93AB-27E6C4A6AE3A}.Release|Any CPU.Build.0 = Release|Any CPU
		{BF5A7B87-2C18-404D-96BA-749D09985938}.Debug|Any CPU.ActiveCfg = Debug|Any CPU
		{BF5A7B87-2C18-404D-96BA-749D09985938}.Debug|Any CPU.Build.0 = Debug|Any CPU
		{BF5A7B87-2C18-404D-96BA-749D09985938}.Release|Any CPU.ActiveCfg = Release|Any CPU
		{BF5A7B87-2C18-404D-96BA-749D09985938}.Release|Any CPU.Build.0 = Release|Any CPU
	EndGlobalSection
	GlobalSection(SolutionProperties) = preSolution
		HideSolutionNode = FALSE
	EndGlobalSection
	GlobalSection(ExtensibilityGlobals) = postSolution
		SolutionGuid = {8E986A97-B8BF-49A1-B62D-F703D2665DBA}
	EndGlobalSection
EndGlobal
