
Microsoft Visual Studio Solution File, Format Version 12.00
# Visual Studio Version 17
VisualStudioVersion = 17.7.33808.371
MinimumVisualStudioVersion = 10.0.40219.1
Project("{9A19103F-16F7-4668-BE54-9A1E7A4F7556}") = "Explosy.ArkhamHorror3rd.FrontEnd", "Explosy.ArkhamHorror3rd.FrontEnd.csproj", "{FA211C06-CE6D-4A45-8470-8BE46F4D6001}"
EndProject
Global
	GlobalSection(SolutionConfigurationPlatforms) = preSolution
		Debug|Any CPU = Debug|Any CPU
		Release|Any CPU = Release|Any CPU
	EndGlobalSection
	GlobalSection(ProjectConfigurationPlatforms) = postSolution
		{FA211C06-CE6D-4A45-8470-8BE46F4D6001}.Debug|Any CPU.ActiveCfg = Debug|Any CPU
		{FA211C06-CE6D-4A45-8470-8BE46F4D6001}.Debug|Any CPU.Build.0 = Debug|Any CPU
		{FA211C06-CE6D-4A45-8470-8BE46F4D6001}.Release|Any CPU.ActiveCfg = Release|Any CPU
		{FA211C06-CE6D-4A45-8470-8BE46F4D6001}.Release|Any CPU.Build.0 = Release|Any CPU
	EndGlobalSection
	GlobalSection(SolutionProperties) = preSolution
		HideSolutionNode = FALSE
	EndGlobalSection
	GlobalSection(ExtensibilityGlobals) = postSolution
		SolutionGuid = {8E986A97-B8BF-49A1-B62D-F703D2665DBA}
	EndGlobalSection
EndGlobal
